schema: '2.0'
stages:
  prepare_base_model:
    cmd: python src/shoes_brand_classification/pipeline/stage02_prepare_base_model.py
    deps:
    - path: config/config.yaml
      hash: md5
      md5: e54f7af98660bda971d96edd159ffcd8
      size: 791
    - path: src/shoes_brand_classification/pipeline/stage02_prepare_base_model.py
      hash: md5
      md5: 4b0d67c56a04798d50023e5d8393243f
      size: 990
    params:
      params.yaml:
        CLASSES: 3
        IMAGE_SIZE:
        - 224
        - 224
        - 3
        INCLUDE_TOP: false
        LEARNING_RATE: 0.001
        WEIGHTS: imagenet
    outs:
    - path: artifacts/prepare_base_model
      hash: md5
      md5: 0b958377abe3e7058eb2a9d9088aa8c6.dir
      size: 118154912
      nfiles: 2
  data_ingestion:
    cmd: python src/shoes_brand_classification/pipeline/stage01_data_ingestion.py
    deps:
    - path: config/config.yaml
      hash: md5
      md5: e54f7af98660bda971d96edd159ffcd8
      size: 791
    - path: src/shoes_brand_classification/pipeline/stage01_data_ingestion.py
      hash: md5
      md5: 55b14298f85860a6969f2b83d82a7eda
      size: 950
    outs:
    - path: artifacts/data_ingestion/shoes images
      hash: md5
      md5: 17bcf8ce3a81833e4058ba22b711bcce.dir
      size: 16526853
      nfiles: 825
  training:
    cmd: python src/shoes_brand_classification/pipeline/stage03_training.py
    deps:
    - path: artifacts/data_ingestion/shoes images
      hash: md5
      md5: 17bcf8ce3a81833e4058ba22b711bcce.dir
      size: 16526853
      nfiles: 825
    - path: artifacts/prepare_base_model
      hash: md5
      md5: 0b958377abe3e7058eb2a9d9088aa8c6.dir
      size: 118154912
      nfiles: 2
    - path: config/config.yaml
      hash: md5
      md5: e54f7af98660bda971d96edd159ffcd8
      size: 791
    - path: src/shoes_brand_classification/components/prepare_callbacks.py
      hash: md5
      md5: b8453936f54e4cfa1d20fb817b1a3660
      size: 1019
    - path: src/shoes_brand_classification/pipeline/stage03_training.py
      hash: md5
      md5: 467ad5e6871262f29207c718ad7897f1
      size: 1312
    params:
      params.yaml:
        AUGMENTATION: true
        BATCH_SIZE: 16
        EPOCHS: 20
        IMAGE_SIZE:
        - 224
        - 224
        - 3
    outs:
    - path: artifacts/training/model.h5
      hash: md5
      md5: f631976b030720feb07bf0ee21eab29b
      size: 59841880
  evaluation:
    cmd: python src/shoes_brand_classification/pipeline/stage04_evaluation.py
    deps:
    - path: artifacts/data_ingestion/shoes images
      hash: md5
      md5: 17bcf8ce3a81833e4058ba22b711bcce.dir
      size: 16526853
      nfiles: 825
    - path: artifacts/training/model.h5
      hash: md5
      md5: f631976b030720feb07bf0ee21eab29b
      size: 59841880
    - path: config/config.yaml
      hash: md5
      md5: e54f7af98660bda971d96edd159ffcd8
      size: 791
    - path: src/shoes_brand_classification/pipeline/stage04_evaluation.py
      hash: md5
      md5: c4572484c7d93adb001a3e7d4e3d6792
      size: 914
    params:
      params.yaml:
        BATCH_SIZE: 16
        IMAGE_SIZE:
        - 224
        - 224
        - 3
    outs:
    - path: scores.json
      hash: md5
      md5: c25c9d4ca28e91b659470b7af43b37e2
      size: 73
